Microsoft Visual Studio Solution File, Format Version 8.00
Project("{FAE04EC0-301F-11D3-BF4B-00C04F79EFBC}") = "Grades", "Grades.csproj", "{3262F9AA-027D-4DC6-8255-DD443A8586C3}"
	ProjectSection(ProjectDependencies) = postProject
	EndProjectSection
EndProject
Global
	GlobalSection(SolutionConfiguration) = preSolution
		Debug = Debug
		Release = Release
	EndGlobalSection
	GlobalSection(ProjectConfiguration) = postSolution
		{3262F9AA-027D-4DC6-8255-DD443A8586C3}.Debug.ActiveCfg = Debug|.NET
		{3262F9AA-027D-4DC6-8255-DD443A8586C3}.Debug.Build.0 = Debug|.NET
		{3262F9AA-027D-4DC6-8255-DD443A8586C3}.Release.ActiveCfg = Release|.NET
		{3262F9AA-027D-4DC6-8255-DD443A8586C3}.Release.Build.0 = Release|.NET
	EndGlobalSection
	GlobalSection(ExtensibilityGlobals) = postSolution
	EndGlobalSection
	GlobalSection(ExtensibilityAddIns) = postSolution
	EndGlobalSection
EndGlobal
